
Microsoft Visual Studio Solution File, Format Version 12.00
# Visual Studio 15
VisualStudioVersion = 15.0.27004.2010
MinimumVisualStudioVersion = 10.0.40219.1
Project("{FAE04EC0-301F-11D3-BF4B-00C04F79EFBC}") = "ProjetoModelo.WebUI", "ProjetoModelo.WebUI\ProjetoModelo.WebUI.csproj", "{D01FBC88-B796-4955-980C-A6601E788BE1}"
EndProject
Project("{FAE04EC0-301F-11D3-BF4B-00C04F79EFBC}") = "ProjetoModelo.Domain", "ProjetoModelo.Domain\ProjetoModelo.Domain.csproj", "{70FF3BB0-07E3-4B0E-B865-3D91E4BF3441}"
EndProject
Project("{FAE04EC0-301F-11D3-BF4B-00C04F79EFBC}") = "ProjetoModelo.UnitTests", "ProjetoModelo.UnitTests\ProjetoModelo.UnitTests.csproj", "{9859C5C7-9082-43CC-B276-97B6F90DBC00}"
EndProject
Global
	GlobalSection(SolutionConfigurationPlatforms) = preSolution
		Debug|Any CPU = Debug|Any CPU
		Release|Any CPU = Release|Any CPU
	EndGlobalSection
	GlobalSection(ProjectConfigurationPlatforms) = postSolution
		{D01FBC88-B796-4955-980C-A6601E788BE1}.Debug|Any CPU.ActiveCfg = Debug|Any CPU
		{D01FBC88-B796-4955-980C-A6601E788BE1}.Debug|Any CPU.Build.0 = Debug|Any CPU
		{D01FBC88-B796-4955-980C-A6601E788BE1}.Release|Any CPU.ActiveCfg = Release|Any CPU
		{D01FBC88-B796-4955-980C-A6601E788BE1}.Release|Any CPU.Build.0 = Release|Any CPU
		{70FF3BB0-07E3-4B0E-B865-3D91E4BF3441}.Debug|Any CPU.ActiveCfg = Debug|Any CPU
		{70FF3BB0-07E3-4B0E-B865-3D91E4BF3441}.Debug|Any CPU.Build.0 = Debug|Any CPU
		{70FF3BB0-07E3-4B0E-B865-3D91E4BF3441}.Release|Any CPU.ActiveCfg = Release|Any CPU
		{70FF3BB0-07E3-4B0E-B865-3D91E4BF3441}.Release|Any CPU.Build.0 = Release|Any CPU
		{9859C5C7-9082-43CC-B276-97B6F90DBC00}.Debug|Any CPU.ActiveCfg = Debug|Any CPU
		{9859C5C7-9082-43CC-B276-97B6F90DBC00}.Debug|Any CPU.Build.0 = Debug|Any CPU
		{9859C5C7-9082-43CC-B276-97B6F90DBC00}.Release|Any CPU.ActiveCfg = Release|Any CPU
		{9859C5C7-9082-43CC-B276-97B6F90DBC00}.Release|Any CPU.Build.0 = Release|Any CPU
	EndGlobalSection
	GlobalSection(SolutionProperties) = preSolution
		HideSolutionNode = FALSE
	EndGlobalSection
	GlobalSection(ExtensibilityGlobals) = postSolution
		SolutionGuid = {BC231785-44B8-4821-8066-B6D40F09A050}
	EndGlobalSection
EndGlobal
