
Microsoft Visual Studio Solution File, Format Version 12.00
# Visual Studio 15
VisualStudioVersion = 15.0.27703.2042
MinimumVisualStudioVersion = 10.0.40219.1
Project("{9A19103F-16F7-4668-BE54-9A1E7A4F7556}") = "ProjetoModelo.WebUI", "ProjetoModelo.WebUI\ProjetoModelo.WebUI.csproj", "{6CFB4891-EE55-4D89-B22F-53915BB98D12}"
EndProject
Project("{9A19103F-16F7-4668-BE54-9A1E7A4F7556}") = "ProjetoModelo.UnitTest", "ProjetoModelo.UnitTest\ProjetoModelo.UnitTest.csproj", "{8A7EB677-84FE-44F8-A840-90E89FE3BE49}"
EndProject
Global
	GlobalSection(SolutionConfigurationPlatforms) = preSolution
		Debug|Any CPU = Debug|Any CPU
		Release|Any CPU = Release|Any CPU
	EndGlobalSection
	GlobalSection(ProjectConfigurationPlatforms) = postSolution
		{6CFB4891-EE55-4D89-B22F-53915BB98D12}.Debug|Any CPU.ActiveCfg = Debug|Any CPU
		{6CFB4891-EE55-4D89-B22F-53915BB98D12}.Debug|Any CPU.Build.0 = Debug|Any CPU
		{6CFB4891-EE55-4D89-B22F-53915BB98D12}.Release|Any CPU.ActiveCfg = Release|Any CPU
		{6CFB4891-EE55-4D89-B22F-53915BB98D12}.Release|Any CPU.Build.0 = Release|Any CPU
		{8A7EB677-84FE-44F8-A840-90E89FE3BE49}.Debug|Any CPU.ActiveCfg = Debug|Any CPU
		{8A7EB677-84FE-44F8-A840-90E89FE3BE49}.Debug|Any CPU.Build.0 = Debug|Any CPU
		{8A7EB677-84FE-44F8-A840-90E89FE3BE49}.Release|Any CPU.ActiveCfg = Release|Any CPU
		{8A7EB677-84FE-44F8-A840-90E89FE3BE49}.Release|Any CPU.Build.0 = Release|Any CPU
	EndGlobalSection
	GlobalSection(SolutionProperties) = preSolution
		HideSolutionNode = FALSE
	EndGlobalSection
	GlobalSection(ExtensibilityGlobals) = postSolution
		SolutionGuid = {CBEBA321-C65A-441B-99E3-7ACB420A8F25}
	EndGlobalSection
EndGlobal
